
Microsoft Visual Studio Solution File, Format Version 12.00
# Visual Studio Version 16
VisualStudioVersion = 16.0.33027.164
MinimumVisualStudioVersion = 10.0.40219.1
Project("{8BC9CEB8-8B4A-11D0-8D11-00A0C91BC942}") = "Project11", "Project11\Project11.vcxproj", "{910AD775-EF29-42D2-A825-75C3AAF54E94}"
EndProject
Global
	GlobalSection(SolutionConfigurationPlatforms) = preSolution
		Debug|x64 = Debug|x64
		Debug|x86 = Debug|x86
		Release|x64 = Release|x64
		Release|x86 = Release|x86
	EndGlobalSection
	GlobalSection(ProjectConfigurationPlatforms) = postSolution
		{910AD775-EF29-42D2-A825-75C3AAF54E94}.Debug|x64.ActiveCfg = Debug|x64
		{910AD775-EF29-42D2-A825-75C3AAF54E94}.Debug|x64.Build.0 = Debug|x64
		{910AD775-EF29-42D2-A825-75C3AAF54E94}.Debug|x86.ActiveCfg = Debug|Win32
		{910AD775-EF29-42D2-A825-75C3AAF54E94}.Debug|x86.Build.0 = Debug|Win32
		{910AD775-EF29-42D2-A825-75C3AAF54E94}.Release|x64.ActiveCfg = Release|x64
		{910AD775-EF29-42D2-A825-75C3AAF54E94}.Release|x64.Build.0 = Release|x64
		{910AD775-EF29-42D2-A825-75C3AAF54E94}.Release|x86.ActiveCfg = Release|Win32
		{910AD775-EF29-42D2-A825-75C3AAF54E94}.Release|x86.Build.0 = Release|Win32
	EndGlobalSection
	GlobalSection(SolutionProperties) = preSolution
		HideSolutionNode = FALSE
	EndGlobalSection
	GlobalSection(ExtensibilityGlobals) = postSolution
		SolutionGuid = {BE28EAF0-1730-434E-8211-7DE33FA1BD8A}
	EndGlobalSection
EndGlobal
